
Microsoft Visual Studio Solution File, Format Version 12.00
# Visual Studio 15
VisualStudioVersion = 15.0.28307.168
MinimumVisualStudioVersion = 10.0.40219.1
Project("{FAE04EC0-301F-11D3-BF4B-00C04F79EFBC}") = "BinMan", "BinMan\BinMan.csproj", "{E3DAF239-2C0B-469D-B37E-8237779A0275}"
EndProject
Global
	GlobalSection(SolutionConfigurationPlatforms) = preSolution
		Debug|Any CPU = Debug|Any CPU
		Release|Any CPU = Release|Any CPU
	EndGlobalSection
	GlobalSection(ProjectConfigurationPlatforms) = postSolution
		{E3DAF239-2C0B-469D-B37E-8237779A0275}.Debug|Any CPU.ActiveCfg = Debug|Any CPU
		{E3DAF239-2C0B-469D-B37E-8237779A0275}.Debug|Any CPU.Build.0 = Debug|Any CPU
		{E3DAF239-2C0B-469D-B37E-8237779A0275}.Release|Any CPU.ActiveCfg = Release|Any CPU
		{E3DAF239-2C0B-469D-B37E-8237779A0275}.Release|Any CPU.Build.0 = Release|Any CPU
	EndGlobalSection
	GlobalSection(SolutionProperties) = preSolution
		HideSolutionNode = FALSE
	EndGlobalSection
	GlobalSection(ExtensibilityGlobals) = postSolution
		SolutionGuid = {6CC4EBD1-8D0F-4F9B-A95A-4BEC8B381080}
	EndGlobalSection
EndGlobal
